Microsoft Visual Studio Solution File, Format Version 12.00
# Visual Studio Version 17
VisualStudioVersion = 17.5.2.0
MinimumVisualStudioVersion = 10.0.40219.1
Project("{FAE04EC0-301F-11D3-BF4B-00C04F79EFBC}") = "dotnetQA", "dotnetQA\dotnetQA.csproj", "{B4CEF9E0-7ADF-42A5-E2B5-066701501EEE}"
EndProject
Global
	GlobalSection(SolutionConfigurationPlatforms) = preSolution
		Debug|Any CPU = Debug|Any CPU
		Release|Any CPU = Release|Any CPU
	EndGlobalSection
	GlobalSection(ProjectConfigurationPlatforms) = postSolution
		{B4CEF9E0-7ADF-42A5-E2B5-066701501EEE}.Debug|Any CPU.ActiveCfg = Debug|Any CPU
		{B4CEF9E0-7ADF-42A5-E2B5-066701501EEE}.Debug|Any CPU.Build.0 = Debug|Any CPU
		{B4CEF9E0-7ADF-42A5-E2B5-066701501EEE}.Release|Any CPU.ActiveCfg = Release|Any CPU
		{B4CEF9E0-7ADF-42A5-E2B5-066701501EEE}.Release|Any CPU.Build.0 = Release|Any CPU
	EndGlobalSection
	GlobalSection(SolutionProperties) = preSolution
		HideSolutionNode = FALSE
	EndGlobalSection
	GlobalSection(ExtensibilityGlobals) = postSolution
		SolutionGuid = {E88D22F4-BB8E-4FF4-988A-5106CEDF7E90}
	EndGlobalSection
EndGlobal
